{
  "name": "@sm003/autojs6-dts",
  "version": "2.0.0",
  "lockfileVersion": 2,
  "requires": true,
  "packages": {
    "": {
      "name": "@sm003/autojs6-dts",
      "version": "2.0.0",
      "license": "MPL-2.0",
      "dependencies": {
        "@sm003/autojs6-dts": "^2.0.0"
      }
    },
    "node_modules/@sm003/autojs6-dts": {
      "version": "2.0.0",
      "resolved": "https://registry.npmjs.org/@sm003/autojs6-dts/-/autojs6-dts-2.0.0.tgz",
      "integrity": "sha512-JDNZGXyx73+Qx8/htpo9ZS5n1Z9J/FjA6Fc9eUuyrxC6ULbjkBsFq6XryPJUJOrCuaStlSCQCR0fWKLWgv+6CA=="
    }
  },
  "dependencies": {
    "@sm003/autojs6-dts": {
      "version": "2.0.0",
      "resolved": "https://registry.npmjs.org/@sm003/autojs6-dts/-/autojs6-dts-2.0.0.tgz",
      "integrity": "sha512-JDNZGXyx73+Qx8/htpo9ZS5n1Z9J/FjA6Fc9eUuyrxC6ULbjkBsFq6XryPJUJOrCuaStlSCQCR0fWKLWgv+6CA=="
    }
  }
}
